
Microsoft Visual Studio Solution File, Format Version 12.00
# Visual Studio Version 17
VisualStudioVersion = 17.2.32630.192
MinimumVisualStudioVersion = 10.0.40219.1
Project("{FAE04EC0-301F-11D3-BF4B-00C04F79EFBC}") = "VariablesDemo1", "VariablesDemo1\VariablesDemo1.csproj", "{789A60D5-9CA6-4D9B-B9DC-3D7F219553FC}"
EndProject
Project("{FAE04EC0-301F-11D3-BF4B-00C04F79EFBC}") = "StringDemo1", "StringDemo1\StringDemo1.csproj", "{033BD9A3-96AD-4568-A51F-7C84BFACDFEC}"
EndProject
Project("{FAE04EC0-301F-11D3-BF4B-00C04F79EFBC}") = "VariablesSummary", "VariablesSummary\VariablesSummary.csproj", "{9C5FC1EA-3FE0-41F6-BEC3-714797C9B469}"
EndProject
Project("{FAE04EC0-301F-11D3-BF4B-00C04F79EFBC}") = "Conditionals", "Conditionals\Conditionals.csproj", "{AB63EE44-4AB3-4572-BA23-EA946D24EC4D}"
EndProject
Project("{FAE04EC0-301F-11D3-BF4B-00C04F79EFBC}") = "RoomDetailGenerator", "RoomDetailGenerator\RoomDetailGenerator.csproj", "{E4A61851-3A88-4EBE-99C3-AB2E2B2B210F}"
EndProject
Global
	GlobalSection(SolutionConfigurationPlatforms) = preSolution
		Debug|Any CPU = Debug|Any CPU
		Release|Any CPU = Release|Any CPU
	EndGlobalSection
	GlobalSection(ProjectConfigurationPlatforms) = postSolution
		{789A60D5-9CA6-4D9B-B9DC-3D7F219553FC}.Debug|Any CPU.ActiveCfg = Debug|Any CPU
		{789A60D5-9CA6-4D9B-B9DC-3D7F219553FC}.Debug|Any CPU.Build.0 = Debug|Any CPU
		{789A60D5-9CA6-4D9B-B9DC-3D7F219553FC}.Release|Any CPU.ActiveCfg = Release|Any CPU
		{789A60D5-9CA6-4D9B-B9DC-3D7F219553FC}.Release|Any CPU.Build.0 = Release|Any CPU
		{033BD9A3-96AD-4568-A51F-7C84BFACDFEC}.Debug|Any CPU.ActiveCfg = Debug|Any CPU
		{033BD9A3-96AD-4568-A51F-7C84BFACDFEC}.Debug|Any CPU.Build.0 = Debug|Any CPU
		{033BD9A3-96AD-4568-A51F-7C84BFACDFEC}.Release|Any CPU.ActiveCfg = Release|Any CPU
		{033BD9A3-96AD-4568-A51F-7C84BFACDFEC}.Release|Any CPU.Build.0 = Release|Any CPU
		{9C5FC1EA-3FE0-41F6-BEC3-714797C9B469}.Debug|Any CPU.ActiveCfg = Debug|Any CPU
		{9C5FC1EA-3FE0-41F6-BEC3-714797C9B469}.Debug|Any CPU.Build.0 = Debug|Any CPU
		{9C5FC1EA-3FE0-41F6-BEC3-714797C9B469}.Release|Any CPU.ActiveCfg = Release|Any CPU
		{9C5FC1EA-3FE0-41F6-BEC3-714797C9B469}.Release|Any CPU.Build.0 = Release|Any CPU
		{AB63EE44-4AB3-4572-BA23-EA946D24EC4D}.Debug|Any CPU.ActiveCfg = Debug|Any CPU
		{AB63EE44-4AB3-4572-BA23-EA946D24EC4D}.Debug|Any CPU.Build.0 = Debug|Any CPU
		{AB63EE44-4AB3-4572-BA23-EA946D24EC4D}.Release|Any CPU.ActiveCfg = Release|Any CPU
		{AB63EE44-4AB3-4572-BA23-EA946D24EC4D}.Release|Any CPU.Build.0 = Release|Any CPU
		{E4A61851-3A88-4EBE-99C3-AB2E2B2B210F}.Debug|Any CPU.ActiveCfg = Debug|Any CPU
		{E4A61851-3A88-4EBE-99C3-AB2E2B2B210F}.Debug|Any CPU.Build.0 = Debug|Any CPU
		{E4A61851-3A88-4EBE-99C3-AB2E2B2B210F}.Release|Any CPU.ActiveCfg = Release|Any CPU
		{E4A61851-3A88-4EBE-99C3-AB2E2B2B210F}.Release|Any CPU.Build.0 = Release|Any CPU
	EndGlobalSection
	GlobalSection(SolutionProperties) = preSolution
		HideSolutionNode = FALSE
	EndGlobalSection
	GlobalSection(ExtensibilityGlobals) = postSolution
		SolutionGuid = {9B3BEE3B-06F3-45FD-9916-0F1CFD4F6AEC}
	EndGlobalSection
EndGlobal
